
Microsoft Visual Studio Solution File, Format Version 12.00
# Visual Studio Version 16
VisualStudioVersion = 16.0.30114.105
MinimumVisualStudioVersion = 10.0.40219.1
Project("{FAE04EC0-301F-11D3-BF4B-00C04F79EFBC}") = "WeatherApp.App", "WeatherApp.App\WeatherApp.App.csproj", "{7FA81958-BF8F-41BA-8826-B56E56D0072F}"
EndProject
Project("{2150E333-8FDC-42A3-9474-1A3956D46DE8}") = "SolutionItems", "SolutionItems", "{FBAC937D-1CDA-458A-86D5-FDC3C8136404}"
	ProjectSection(SolutionItems) = preProject
		catalog-info.yaml = catalog-info.yaml
	EndProjectSection
EndProject
Global
	GlobalSection(SolutionConfigurationPlatforms) = preSolution
		Debug|Any CPU = Debug|Any CPU
		Release|Any CPU = Release|Any CPU
	EndGlobalSection
	GlobalSection(SolutionProperties) = preSolution
		HideSolutionNode = FALSE
	EndGlobalSection
	GlobalSection(ProjectConfigurationPlatforms) = postSolution
		{7FA81958-BF8F-41BA-8826-B56E56D0072F}.Debug|Any CPU.ActiveCfg = Debug|Any CPU
		{7FA81958-BF8F-41BA-8826-B56E56D0072F}.Debug|Any CPU.Build.0 = Debug|Any CPU
		{7FA81958-BF8F-41BA-8826-B56E56D0072F}.Release|Any CPU.ActiveCfg = Release|Any CPU
		{7FA81958-BF8F-41BA-8826-B56E56D0072F}.Release|Any CPU.Build.0 = Release|Any CPU
	EndGlobalSection
EndGlobal
